
Microsoft Visual Studio Solution File, Format Version 12.00
# Visual Studio Version 17
VisualStudioVersion = 17.13.35825.156 d17.13
MinimumVisualStudioVersion = 10.0.40219.1
Project("{FAE04EC0-301F-11D3-BF4B-00C04F79EFBC}") = "ClassTask1", "ClassTask1\ClassTask1.csproj", "{46893924-F278-422C-ABA9-4CD58ADAD47E}"
EndProject
Global
	GlobalSection(SolutionConfigurationPlatforms) = preSolution
		Debug|Any CPU = Debug|Any CPU
		Release|Any CPU = Release|Any CPU
	EndGlobalSection
	GlobalSection(ProjectConfigurationPlatforms) = postSolution
		{46893924-F278-422C-ABA9-4CD58ADAD47E}.Debug|Any CPU.ActiveCfg = Debug|Any CPU
		{46893924-F278-422C-ABA9-4CD58ADAD47E}.Debug|Any CPU.Build.0 = Debug|Any CPU
		{46893924-F278-422C-ABA9-4CD58ADAD47E}.Release|Any CPU.ActiveCfg = Release|Any CPU
		{46893924-F278-422C-ABA9-4CD58ADAD47E}.Release|Any CPU.Build.0 = Release|Any CPU
	EndGlobalSection
	GlobalSection(SolutionProperties) = preSolution
		HideSolutionNode = FALSE
	EndGlobalSection
	GlobalSection(ExtensibilityGlobals) = postSolution
		SolutionGuid = {017C40DB-8680-470B-9B4A-C14FB4429993}
	EndGlobalSection
EndGlobal
